
Microsoft Visual Studio Solution File, Format Version 12.00
# Visual Studio 15
VisualStudioVersion = 15.0.27703.2000
MinimumVisualStudioVersion = 10.0.40219.1
Project("{FAE04EC0-301F-11D3-BF4B-00C04F79EFBC}") = "TouhouPet", "TouhouPet\TouhouPet.csproj", "{E4C04AA3-8260-418D-B0F6-4B911DE9D9D5}"
EndProject
Global
	GlobalSection(SolutionConfigurationPlatforms) = preSolution
		Debug|Any CPU = Debug|Any CPU
		Release|Any CPU = Release|Any CPU
	EndGlobalSection
	GlobalSection(ProjectConfigurationPlatforms) = postSolution
		{E4C04AA3-8260-418D-B0F6-4B911DE9D9D5}.Debug|Any CPU.ActiveCfg = Debug|Any CPU
		{E4C04AA3-8260-418D-B0F6-4B911DE9D9D5}.Debug|Any CPU.Build.0 = Debug|Any CPU
		{E4C04AA3-8260-418D-B0F6-4B911DE9D9D5}.Release|Any CPU.ActiveCfg = Release|Any CPU
		{E4C04AA3-8260-418D-B0F6-4B911DE9D9D5}.Release|Any CPU.Build.0 = Release|Any CPU
	EndGlobalSection
	GlobalSection(SolutionProperties) = preSolution
		HideSolutionNode = FALSE
	EndGlobalSection
	GlobalSection(ExtensibilityGlobals) = postSolution
		SolutionGuid = {5CC34E65-B0E9-4DDF-BAB0-ED864D2B5535}
	EndGlobalSection
EndGlobal
